
Microsoft Visual Studio Solution File, Format Version 12.00
# Visual Studio Version 17
VisualStudioVersion = 17.14.36301.6 d17.14
MinimumVisualStudioVersion = 10.0.40219.1
Project("{FAE04EC0-301F-11D3-BF4B-00C04F79EFBC}") = "API Web", "API Web.csproj", "{CA6D2AF6-D131-4048-A9C5-CA3FA6AC30F8}"
EndProject
Global
	GlobalSection(SolutionConfigurationPlatforms) = preSolution
		Debug|Any CPU = Debug|Any CPU
		Release|Any CPU = Release|Any CPU
	EndGlobalSection
	GlobalSection(ProjectConfigurationPlatforms) = postSolution
		{CA6D2AF6-D131-4048-A9C5-CA3FA6AC30F8}.Debug|Any CPU.ActiveCfg = Debug|Any CPU
		{CA6D2AF6-D131-4048-A9C5-CA3FA6AC30F8}.Debug|Any CPU.Build.0 = Debug|Any CPU
		{CA6D2AF6-D131-4048-A9C5-CA3FA6AC30F8}.Release|Any CPU.ActiveCfg = Release|Any CPU
		{CA6D2AF6-D131-4048-A9C5-CA3FA6AC30F8}.Release|Any CPU.Build.0 = Release|Any CPU
	EndGlobalSection
	GlobalSection(SolutionProperties) = preSolution
		HideSolutionNode = FALSE
	EndGlobalSection
	GlobalSection(ExtensibilityGlobals) = postSolution
		SolutionGuid = {B5A5EE14-1BF0-4DB5-8B96-DC46A1D7E3BC}
	EndGlobalSection
EndGlobal
